{
  "requires": true,
  "lockfileVersion": 1,
  "dependencies": {
    "coc-java": {
      "version": "1.4.10",
      "resolved": "https://registry.npmjs.org/coc-java/-/coc-java-1.4.10.tgz",
      "integrity": "sha512-WgJuqBpxWM0c1DHDl+UZyDzdD1vdcGInWOMs4bB+dVfCbXktTUEweFty2HViue6G9Clql5hu2+6VB2K3Jx+0Yg=="
    }
  }
}
